
Microsoft Visual Studio Solution File, Format Version 12.00
# Visual Studio Version 16
VisualStudioVersion = 16.0.32428.217
MinimumVisualStudioVersion = 10.0.40219.1
Project("{FAE04EC0-301F-11D3-BF4B-00C04F79EFBC}") = "QLNhanSu_He2024", "QLNhanSu_He2024\QLNhanSu_He2024.csproj", "{CC95F198-647A-426E-8A44-47F05226EDAE}"
EndProject
Global
	GlobalSection(SolutionConfigurationPlatforms) = preSolution
		Debug|Any CPU = Debug|Any CPU
		Release|Any CPU = Release|Any CPU
	EndGlobalSection
	GlobalSection(ProjectConfigurationPlatforms) = postSolution
		{CC95F198-647A-426E-8A44-47F05226EDAE}.Debug|Any CPU.ActiveCfg = Debug|Any CPU
		{CC95F198-647A-426E-8A44-47F05226EDAE}.Debug|Any CPU.Build.0 = Debug|Any CPU
		{CC95F198-647A-426E-8A44-47F05226EDAE}.Release|Any CPU.ActiveCfg = Release|Any CPU
		{CC95F198-647A-426E-8A44-47F05226EDAE}.Release|Any CPU.Build.0 = Release|Any CPU
	EndGlobalSection
	GlobalSection(SolutionProperties) = preSolution
		HideSolutionNode = FALSE
	EndGlobalSection
	GlobalSection(ExtensibilityGlobals) = postSolution
		SolutionGuid = {16C7A9D9-8442-4BE2-89DC-D4B1AAEAB959}
	EndGlobalSection
EndGlobal
